
Microsoft Visual Studio Solution File, Format Version 12.00
# Visual Studio Version 17
VisualStudioVersion = 17.5.33627.172
MinimumVisualStudioVersion = 10.0.40219.1
Project("{FAE04EC0-301F-11D3-BF4B-00C04F79EFBC}") = "Ejercicio10_ventana", "Ejercicio10_ventana.csproj", "{A15B5680-480A-4004-8721-C44FA0199CE3}"
EndProject
Global
	GlobalSection(SolutionConfigurationPlatforms) = preSolution
		Debug|Any CPU = Debug|Any CPU
		Release|Any CPU = Release|Any CPU
	EndGlobalSection
	GlobalSection(ProjectConfigurationPlatforms) = postSolution
		{A15B5680-480A-4004-8721-C44FA0199CE3}.Debug|Any CPU.ActiveCfg = Debug|Any CPU
		{A15B5680-480A-4004-8721-C44FA0199CE3}.Debug|Any CPU.Build.0 = Debug|Any CPU
		{A15B5680-480A-4004-8721-C44FA0199CE3}.Release|Any CPU.ActiveCfg = Release|Any CPU
		{A15B5680-480A-4004-8721-C44FA0199CE3}.Release|Any CPU.Build.0 = Release|Any CPU
	EndGlobalSection
	GlobalSection(SolutionProperties) = preSolution
		HideSolutionNode = FALSE
	EndGlobalSection
	GlobalSection(ExtensibilityGlobals) = postSolution
		SolutionGuid = {9CFA2506-67E7-4DB3-8CFF-FC8BF7A8EE97}
	EndGlobalSection
EndGlobal
